
Microsoft Visual Studio Solution File, Format Version 10.00
# Visual Studio 2008
Project("{8BC9CEB8-8B4A-11D0-8D11-00A0C91BC942}") = "Shine_PC2048", "Shine_PC2048\Shine_PC2048.vcproj", "{0522A31C-6EBC-4BF1-BE2D-91CB3FF6470F}"
EndProject
Global
	GlobalSection(SolutionConfigurationPlatforms) = preSolution
		Debug|Win32 = Debug|Win32
		Release|Win32 = Release|Win32
	EndGlobalSection
	GlobalSection(ProjectConfigurationPlatforms) = postSolution
		{0522A31C-6EBC-4BF1-BE2D-91CB3FF6470F}.Debug|Win32.ActiveCfg = Debug|Win32
		{0522A31C-6EBC-4BF1-BE2D-91CB3FF6470F}.Debug|Win32.Build.0 = Debug|Win32
		{0522A31C-6EBC-4BF1-BE2D-91CB3FF6470F}.Release|Win32.ActiveCfg = Release|Win32
		{0522A31C-6EBC-4BF1-BE2D-91CB3FF6470F}.Release|Win32.Build.0 = Release|Win32
	EndGlobalSection
	GlobalSection(SolutionProperties) = preSolution
		HideSolutionNode = FALSE
	EndGlobalSection
EndGlobal
